
Microsoft Visual Studio Solution File, Format Version 12.00
# Visual Studio Version 16
VisualStudioVersion = 16.0.30804.86
MinimumVisualStudioVersion = 10.0.40219.1
Project("{FAE04EC0-301F-11D3-BF4B-00C04F79EFBC}") = "nicer", "nicer\nicer.csproj", "{7CBC50A1-424B-4F17-A970-1A29E6FE8CE8}"
EndProject
Global
	GlobalSection(SolutionConfigurationPlatforms) = preSolution
		Debug|Any CPU = Debug|Any CPU
		Release|Any CPU = Release|Any CPU
	EndGlobalSection
	GlobalSection(ProjectConfigurationPlatforms) = postSolution
		{7CBC50A1-424B-4F17-A970-1A29E6FE8CE8}.Debug|Any CPU.ActiveCfg = Debug|Any CPU
		{7CBC50A1-424B-4F17-A970-1A29E6FE8CE8}.Debug|Any CPU.Build.0 = Debug|Any CPU
		{7CBC50A1-424B-4F17-A970-1A29E6FE8CE8}.Release|Any CPU.ActiveCfg = Release|Any CPU
		{7CBC50A1-424B-4F17-A970-1A29E6FE8CE8}.Release|Any CPU.Build.0 = Release|Any CPU
	EndGlobalSection
	GlobalSection(SolutionProperties) = preSolution
		HideSolutionNode = FALSE
	EndGlobalSection
	GlobalSection(ExtensibilityGlobals) = postSolution
		SolutionGuid = {AAE5F684-8DD1-4B63-AAAE-54D612043D48}
	EndGlobalSection
EndGlobal
